// !$*UTF8*$!
{
	archiveVersion = 1;
	classes = {
	};
	objectVersion = 56;
	objects = {

/* Begin PBXBuildFile section */
		9A230AB5293DD45D008CE7FD /* AppDelegate.swift in Sources */ = {isa = PBXBuildFile; fileRef = 9A230AB4293DD45D008CE7FD /* AppDelegate.swift */; };
		9A230AB7293DD45D008CE7FD /* SceneDelegate.swift in Sources */ = {isa = PBXBuildFile; fileRef = 9A230AB6293DD45D008CE7FD /* SceneDelegate.swift */; };
		9A230AB9293DD45D008CE7FD /* ViewController.swift in Sources */ = {isa = PBXBuildFile; fileRef = 9A230AB8293DD45D008CE7FD /* ViewController.swift */; };
		9A230ABC293DD45D008CE7FD /* Main.storyboard in Resources */ = {isa = PBXBuildFile; fileRef = 9A230ABA293DD45D008CE7FD /* Main.storyboard */; };
		9A230ABE293DD45E008CE7FD /* Assets.xcassets in Resources */ = {isa = PBXBuildFile; fileRef = 9A230ABD293DD45E008CE7FD /* Assets.xcassets */; };
		9A230AC1293DD45E008CE7FD /* LaunchScreen.storyboard in Resources */ = {isa = PBXBuildFile; fileRef = 9A230ABF293DD45E008CE7FD /* LaunchScreen.storyboard */; };
		9A230ACC293DD45E008CE7FD /* _1_tableviewTests.swift in Sources */ = {isa = PBXBuildFile; fileRef = 9A230ACB293DD45E008CE7FD /* _1_tableviewTests.swift */; };
		9A230AD6293DD45E008CE7FD /* _1_tableviewUITests.swift in Sources */ = {isa = PBXBuildFile; fileRef = 9A230AD5293DD45E008CE7FD /* _1_tableviewUITests.swift */; };
		9A230AD8293DD45E008CE7FD /* _1_tableviewUITestsLaunchTests.swift in Sources */ = {isa = PBXBuildFile; fileRef = 9A230AD7293DD45E008CE7FD /* _1_tableviewUITestsLaunchTests.swift */; };
		9A230AE6293DD8F2008CE7FD /* HomeViewController.swift in Sources */ = {isa = PBXBuildFile; fileRef = 9A230AE5293DD8F2008CE7FD /* HomeViewController.swift */; };
		9A230AE9293DD909008CE7FD /* PersonViewController.swift in Sources */ = {isa = PBXBuildFile; fileRef = 9A230AE8293DD909008CE7FD /* PersonViewController.swift */; };
		9A230AF3293DF0B7008CE7FD /* JYTool.swift in Sources */ = {isa = PBXBuildFile; fileRef = 9A230AF2293DF0B7008CE7FD /* JYTool.swift */; };
/* End PBXBuildFile section */

/* Begin PBXContainerItemProxy section */
		9A230AC8293DD45E008CE7FD /* PBXContainerItemProxy */ = {
			isa = PBXContainerItemProxy;
			containerPortal = 9A230AA9293DD45D008CE7FD /* Project object */;
			proxyType = 1;
			remoteGlobalIDString = 9A230AB0293DD45D008CE7FD;
			remoteInfo = "02-tableview-home";
		};
		9A230AD2293DD45E008CE7FD /* PBXContainerItemProxy */ = {
			isa = PBXContainerItemProxy;
			containerPortal = 9A230AA9293DD45D008CE7FD /* Project object */;
			proxyType = 1;
			remoteGlobalIDString = 9A230AB0293DD45D008CE7FD;
			remoteInfo = "02-tableview-home";
		};
/* End PBXContainerItemProxy section */

/* Begin PBXFileReference section */
		9A230AB1293DD45D008CE7FD /* 02-tableview-home.app */ = {isa = PBXFileReference; explicitFileType = wrapper.application; includeInIndex = 0; path = "02-tableview-home.app"; sourceTree = BUILT_PRODUCTS_DIR; };
		9A230AB4293DD45D008CE7FD /* AppDelegate.swift */ = {isa = PBXFileReference; lastKnownFileType = sourcecode.swift; path = AppDelegate.swift; sourceTree = "<group>"; };
		9A230AB6293DD45D008CE7FD /* SceneDelegate.swift */ = {isa = PBXFileReference; lastKnownFileType = sourcecode.swift; path = SceneDelegate.swift; sourceTree = "<group>"; };
		9A230AB8293DD45D008CE7FD /* ViewController.swift */ = {isa = PBXFileReference; lastKnownFileType = sourcecode.swift; path = ViewController.swift; sourceTree = "<group>"; };
		9A230ABB293DD45D008CE7FD /* Base */ = {isa = PBXFileReference; lastKnownFileType = file.storyboard; name = Base; path = Base.lproj/Main.storyboard; sourceTree = "<group>"; };
		9A230ABD293DD45E008CE7FD /* Assets.xcassets */ = {isa = PBXFileReference; lastKnownFileType = folder.assetcatalog; path = Assets.xcassets; sourceTree = "<group>"; };
		9A230AC0293DD45E008CE7FD /* Base */ = {isa = PBXFileReference; lastKnownFileType = file.storyboard; name = Base; path = Base.lproj/LaunchScreen.storyboard; sourceTree = "<group>"; };
		9A230AC2293DD45E008CE7FD /* Info.plist */ = {isa = PBXFileReference; lastKnownFileType = text.plist.xml; path = Info.plist; sourceTree = "<group>"; };
		9A230AC7293DD45E008CE7FD /* 02-tableview-homeTests.xctest */ = {isa = PBXFileReference; explicitFileType = wrapper.cfbundle; includeInIndex = 0; path = "02-tableview-homeTests.xctest"; sourceTree = BUILT_PRODUCTS_DIR; };
		9A230ACB293DD45E008CE7FD /* _1_tableviewTests.swift */ = {isa = PBXFileReference; lastKnownFileType = sourcecode.swift; path = _1_tableviewTests.swift; sourceTree = "<group>"; };
		9A230AD1293DD45E008CE7FD /* 02-tableview-homeUITests.xctest */ = {isa = PBXFileReference; explicitFileType = wrapper.cfbundle; includeInIndex = 0; path = "02-tableview-homeUITests.xctest"; sourceTree = BUILT_PRODUCTS_DIR; };
		9A230AD5293DD45E008CE7FD /* _1_tableviewUITests.swift */ = {isa = PBXFileReference; lastKnownFileType = sourcecode.swift; path = _1_tableviewUITests.swift; sourceTree = "<group>"; };
		9A230AD7293DD45E008CE7FD /* _1_tableviewUITestsLaunchTests.swift */ = {isa = PBXFileReference; lastKnownFileType = sourcecode.swift; path = _1_tableviewUITestsLaunchTests.swift; sourceTree = "<group>"; };
		9A230AE5293DD8F2008CE7FD /* HomeViewController.swift */ = {isa = PBXFileReference; lastKnownFileType = sourcecode.swift; path = HomeViewController.swift; sourceTree = "<group>"; };
		9A230AE8293DD909008CE7FD /* PersonViewController.swift */ = {isa = PBXFileReference; lastKnownFileType = sourcecode.swift; path = PersonViewController.swift; sourceTree = "<group>"; };
		9A230AF2293DF0B7008CE7FD /* JYTool.swift */ = {isa = PBXFileReference; lastKnownFileType = sourcecode.swift; path = JYTool.swift; sourceTree = "<group>"; };
/* End PBXFileReference section */

/* Begin PBXFrameworksBuildPhase section */
		9A230AAE293DD45D008CE7FD /* Frameworks */ = {
			isa = PBXFrameworksBuildPhase;
			buildActionMask = 2147483647;
			files = (
			);
			runOnlyForDeploymentPostprocessing = 0;
		};
		9A230AC4293DD45E008CE7FD /* Frameworks */ = {
			isa = PBXFrameworksBuildPhase;
			buildActionMask = 2147483647;
			files = (
			);
			runOnlyForDeploymentPostprocessing = 0;
		};
		9A230ACE293DD45E008CE7FD /* Frameworks */ = {
			isa = PBXFrameworksBuildPhase;
			buildActionMask = 2147483647;
			files = (
			);
			runOnlyForDeploymentPostprocessing = 0;
		};
/* End PBXFrameworksBuildPhase section */

/* Begin PBXGroup section */
		9A230AA8293DD45D008CE7FD = {
			isa = PBXGroup;
			children = (
				9A230AB3293DD45D008CE7FD /* 02-tableview-home */,
				9A230ACA293DD45E008CE7FD /* 02-tableview-homeTests */,
				9A230AD4293DD45E008CE7FD /* 02-tableview-homeUITests */,
				9A230AB2293DD45D008CE7FD /* Products */,
			);
			sourceTree = "<group>";
		};
		9A230AB2293DD45D008CE7FD /* Products */ = {
			isa = PBXGroup;
			children = (
				9A230AB1293DD45D008CE7FD /* 02-tableview-home.app */,
				9A230AC7293DD45E008CE7FD /* 02-tableview-homeTests.xctest */,
				9A230AD1293DD45E008CE7FD /* 02-tableview-homeUITests.xctest */,
			);
			name = Products;
			sourceTree = "<group>";
		};
		9A230AB3293DD45D008CE7FD /* 02-tableview-home */ = {
			isa = PBXGroup;
			children = (
				9A230AF1293DF093008CE7FD /* Tool */,
				9A230AE7293DD8F9008CE7FD /* Person */,
				9A230AE4293DD8DA008CE7FD /* Home */,
				9A230AB4293DD45D008CE7FD /* AppDelegate.swift */,
				9A230AB6293DD45D008CE7FD /* SceneDelegate.swift */,
				9A230AB8293DD45D008CE7FD /* ViewController.swift */,
				9A230ABA293DD45D008CE7FD /* Main.storyboard */,
				9A230ABD293DD45E008CE7FD /* Assets.xcassets */,
				9A230ABF293DD45E008CE7FD /* LaunchScreen.storyboard */,
				9A230AC2293DD45E008CE7FD /* Info.plist */,
			);
			path = "02-tableview-home";
			sourceTree = "<group>";
		};
		9A230ACA293DD45E008CE7FD /* 02-tableview-homeTests */ = {
			isa = PBXGroup;
			children = (
				9A230ACB293DD45E008CE7FD /* _1_tableviewTests.swift */,
			);
			path = "02-tableview-homeTests";
			sourceTree = "<group>";
		};
		9A230AD4293DD45E008CE7FD /* 02-tableview-homeUITests */ = {
			isa = PBXGroup;
			children = (
				9A230AD5293DD45E008CE7FD /* _1_tableviewUITests.swift */,
				9A230AD7293DD45E008CE7FD /* _1_tableviewUITestsLaunchTests.swift */,
			);
			path = "02-tableview-homeUITests";
			sourceTree = "<group>";
		};
		9A230AE4293DD8DA008CE7FD /* Home */ = {
			isa = PBXGroup;
			children = (
				9A230AE5293DD8F2008CE7FD /* HomeViewController.swift */,
			);
			path = Home;
			sourceTree = "<group>";
		};
		9A230AE7293DD8F9008CE7FD /* Person */ = {
			isa = PBXGroup;
			children = (
				9A230AE8293DD909008CE7FD /* PersonViewController.swift */,
			);
			path = Person;
			sourceTree = "<group>";
		};
		9A230AF1293DF093008CE7FD /* Tool */ = {
			isa = PBXGroup;
			children = (
				9A230AF2293DF0B7008CE7FD /* JYTool.swift */,
			);
			path = Tool;
			sourceTree = "<group>";
		};
/* End PBXGroup section */

/* Begin PBXNativeTarget section */
		9A230AB0293DD45D008CE7FD /* 02-tableview-home */ = {
			isa = PBXNativeTarget;
			buildConfigurationList = 9A230ADB293DD45E008CE7FD /* Build configuration list for PBXNativeTarget "02-tableview-home" */;
			buildPhases = (
				9A230AAD293DD45D008CE7FD /* Sources */,
				9A230AAE293DD45D008CE7FD /* Frameworks */,
				9A230AAF293DD45D008CE7FD /* Resources */,
			);
			buildRules = (
			);
			dependencies = (
			);
			name = "02-tableview-home";
			productName = "02-tableview-home";
			productReference = 9A230AB1293DD45D008CE7FD /* 02-tableview-home.app */;
			productType = "com.apple.product-type.application";
		};
		9A230AC6293DD45E008CE7FD /* 02-tableview-homeTests */ = {
			isa = PBXNativeTarget;
			buildConfigurationList = 9A230ADE293DD45E008CE7FD /* Build configuration list for PBXNativeTarget "02-tableview-homeTests" */;
			buildPhases = (
				9A230AC3293DD45E008CE7FD /* Sources */,
				9A230AC4293DD45E008CE7FD /* Frameworks */,
				9A230AC5293DD45E008CE7FD /* Resources */,
			);
			buildRules = (
			);
			dependencies = (
				9A230AC9293DD45E008CE7FD /* PBXTargetDependency */,
			);
			name = "02-tableview-homeTests";
			productName = "02-tableview-homeTests";
			productReference = 9A230AC7293DD45E008CE7FD /* 02-tableview-homeTests.xctest */;
			productType = "com.apple.product-type.bundle.unit-test";
		};
		9A230AD0293DD45E008CE7FD /* 02-tableview-homeUITests */ = {
			isa = PBXNativeTarget;
			buildConfigurationList = 9A230AE1293DD45E008CE7FD /* Build configuration list for PBXNativeTarget "02-tableview-homeUITests" */;
			buildPhases = (
				9A230ACD293DD45E008CE7FD /* Sources */,
				9A230ACE293DD45E008CE7FD /* Frameworks */,
				9A230ACF293DD45E008CE7FD /* Resources */,
			);
			buildRules = (
			);
			dependencies = (
				9A230AD3293DD45E008CE7FD /* PBXTargetDependency */,
			);
			name = "02-tableview-homeUITests";
			productName = "02-tableview-homeUITests";
			productReference = 9A230AD1293DD45E008CE7FD /* 02-tableview-homeUITests.xctest */;
			productType = "com.apple.product-type.bundle.ui-testing";
		};
/* End PBXNativeTarget section */

/* Begin PBXProject section */
		9A230AA9293DD45D008CE7FD /* Project object */ = {
			isa = PBXProject;
			attributes = {
				BuildIndependentTargetsInParallel = 1;
				LastSwiftUpdateCheck = 1410;
				LastUpgradeCheck = 1410;
				TargetAttributes = {
					9A230AB0293DD45D008CE7FD = {
						CreatedOnToolsVersion = 14.1;
					};
					9A230AC6293DD45E008CE7FD = {
						CreatedOnToolsVersion = 14.1;
						TestTargetID = 9A230AB0293DD45D008CE7FD;
					};
					9A230AD0293DD45E008CE7FD = {
						CreatedOnToolsVersion = 14.1;
						TestTargetID = 9A230AB0293DD45D008CE7FD;
					};
				};
			};
			buildConfigurationList = 9A230AAC293DD45D008CE7FD /* Build configuration list for PBXProject "02-tableview-home" */;
			compatibilityVersion = "Xcode 14.0";
			developmentRegion = en;
			hasScannedForEncodings = 0;
			knownRegions = (
				en,
				Base,
			);
			mainGroup = 9A230AA8293DD45D008CE7FD;
			productRefGroup = 9A230AB2293DD45D008CE7FD /* Products */;
			projectDirPath = "";
			projectRoot = "";
			targets = (
				9A230AB0293DD45D008CE7FD /* 02-tableview-home */,
				9A230AC6293DD45E008CE7FD /* 02-tableview-homeTests */,
				9A230AD0293DD45E008CE7FD /* 02-tableview-homeUITests */,
			);
		};
/* End PBXProject section */

/* Begin PBXResourcesBuildPhase section */
		9A230AAF293DD45D008CE7FD /* Resources */ = {
			isa = PBXResourcesBuildPhase;
			buildActionMask = 2147483647;
			files = (
				9A230AC1293DD45E008CE7FD /* LaunchScreen.storyboard in Resources */,
				9A230ABE293DD45E008CE7FD /* Assets.xcassets in Resources */,
				9A230ABC293DD45D008CE7FD /* Main.storyboard in Resources */,
			);
			runOnlyForDeploymentPostprocessing = 0;
		};
		9A230AC5293DD45E008CE7FD /* Resources */ = {
			isa = PBXResourcesBuildPhase;
			buildActionMask = 2147483647;
			files = (
			);
			runOnlyForDeploymentPostprocessing = 0;
		};
		9A230ACF293DD45E008CE7FD /* Resources */ = {
			isa = PBXResourcesBuildPhase;
			buildActionMask = 2147483647;
			files = (
			);
			runOnlyForDeploymentPostprocessing = 0;
		};
/* End PBXResourcesBuildPhase section */

/* Begin PBXSourcesBuildPhase section */
		9A230AAD293DD45D008CE7FD /* Sources */ = {
			isa = PBXSourcesBuildPhase;
			buildActionMask = 2147483647;
			files = (
				9A230AE9293DD909008CE7FD /* PersonViewController.swift in Sources */,
				9A230AB9293DD45D008CE7FD /* ViewController.swift in Sources */,
				9A230AF3293DF0B7008CE7FD /* JYTool.swift in Sources */,
				9A230AB5293DD45D008CE7FD /* AppDelegate.swift in Sources */,
				9A230AB7293DD45D008CE7FD /* SceneDelegate.swift in Sources */,
				9A230AE6293DD8F2008CE7FD /* HomeViewController.swift in Sources */,
			);
			runOnlyForDeploymentPostprocessing = 0;
		};
		9A230AC3293DD45E008CE7FD /* Sources */ = {
			isa = PBXSourcesBuildPhase;
			buildActionMask = 2147483647;
			files = (
				9A230ACC293DD45E008CE7FD /* _1_tableviewTests.swift in Sources */,
			);
			runOnlyForDeploymentPostprocessing = 0;
		};
		9A230ACD293DD45E008CE7FD /* Sources */ = {
			isa = PBXSourcesBuildPhase;
			buildActionMask = 2147483647;
			files = (
				9A230AD8293DD45E008CE7FD /* _1_tableviewUITestsLaunchTests.swift in Sources */,
				9A230AD6293DD45E008CE7FD /* _1_tableviewUITests.swift in Sources */,
			);
			runOnlyForDeploymentPostprocessing = 0;
		};
/* End PBXSourcesBuildPhase section */

/* Begin PBXTargetDependency section */
		9A230AC9293DD45E008CE7FD /* PBXTargetDependency */ = {
			isa = PBXTargetDependency;
			target = 9A230AB0293DD45D008CE7FD /* 02-tableview-home */;
			targetProxy = 9A230AC8293DD45E008CE7FD /* PBXContainerItemProxy */;
		};
		9A230AD3293DD45E008CE7FD /* PBXTargetDependency */ = {
			isa = PBXTargetDependency;
			target = 9A230AB0293DD45D008CE7FD /* 02-tableview-home */;
			targetProxy = 9A230AD2293DD45E008CE7FD /* PBXContainerItemProxy */;
		};
/* End PBXTargetDependency section */

/* Begin PBXVariantGroup section */
		9A230ABA293DD45D008CE7FD /* Main.storyboard */ = {
			isa = PBXVariantGroup;
			children = (
				9A230ABB293DD45D008CE7FD /* Base */,
			);
			name = Main.storyboard;
			sourceTree = "<group>";
		};
		9A230ABF293DD45E008CE7FD /* LaunchScreen.storyboard */ = {
			isa = PBXVariantGroup;
			children = (
				9A230AC0293DD45E008CE7FD /* Base */,
			);
			name = LaunchScreen.storyboard;
			sourceTree = "<group>";
		};
/* End PBXVariantGroup section */

/* Begin XCBuildConfiguration section */
		9A230AD9293DD45E008CE7FD /* Debug */ = {
			isa = XCBuildConfiguration;
			buildSettings = {
				ALWAYS_SEARCH_USER_PATHS = NO;
				CLANG_ANALYZER_NONNULL = YES;
				CLANG_ANALYZER_NUMBER_OBJECT_CONVERSION = YES_AGGRESSIVE;
				CLANG_CXX_LANGUAGE_STANDARD = "gnu++20";
				CLANG_ENABLE_MODULES = YES;
				CLANG_ENABLE_OBJC_ARC = YES;
				CLANG_ENABLE_OBJC_WEAK = YES;
				CLANG_WARN_BLOCK_CAPTURE_AUTORELEASING = YES;
				CLANG_WARN_BOOL_CONVERSION = YES;
				CLANG_WARN_COMMA = YES;
				CLANG_WARN_CONSTANT_CONVERSION = YES;
				CLANG_WARN_DEPRECATED_OBJC_IMPLEMENTATIONS = YES;
				CLANG_WARN_DIRECT_OBJC_ISA_USAGE = YES_ERROR;
				CLANG_WARN_DOCUMENTATION_COMMENTS = YES;
				CLANG_WARN_EMPTY_BODY = YES;
				CLANG_WARN_ENUM_CONVERSION = YES;
				CLANG_WARN_INFINITE_RECURSION = YES;
				CLANG_WARN_INT_CONVERSION = YES;
				CLANG_WARN_NON_LITERAL_NULL_CONVERSION = YES;
				CLANG_WARN_OBJC_IMPLICIT_RETAIN_SELF = YES;
				CLANG_WARN_OBJC_LITERAL_CONVERSION = YES;
				CLANG_WARN_OBJC_ROOT_CLASS = YES_ERROR;
				CLANG_WARN_QUOTED_INCLUDE_IN_FRAMEWORK_HEADER = YES;
				CLANG_WARN_RANGE_LOOP_ANALYSIS = YES;
				CLANG_WARN_STRICT_PROTOTYPES = YES;
				CLANG_WARN_SUSPICIOUS_MOVE = YES;
				CLANG_WARN_UNGUARDED_AVAILABILITY = YES_AGGRESSIVE;
				CLANG_WARN_UNREACHABLE_CODE = YES;
				CLANG_WARN__DUPLICATE_METHOD_MATCH = YES;
				COPY_PHASE_STRIP = NO;
				DEBUG_INFORMATION_FORMAT = dwarf;
				ENABLE_STRICT_OBJC_MSGSEND = YES;
				ENABLE_TESTABILITY = YES;
				GCC_C_LANGUAGE_STANDARD = gnu11;
				GCC_DYNAMIC_NO_PIC = NO;
				GCC_NO_COMMON_BLOCKS = YES;
				GCC_OPTIMIZATION_LEVEL = 0;
				GCC_PREPROCESSOR_DEFINITIONS = (
					"DEBUG=1",
					"$(inherited)",
				);
				GCC_WARN_64_TO_32_BIT_CONVERSION = YES;
				GCC_WARN_ABOUT_RETURN_TYPE = YES_ERROR;
				GCC_WARN_UNDECLARED_SELECTOR = YES;
				GCC_WARN_UNINITIALIZED_AUTOS = YES_AGGRESSIVE;
				GCC_WARN_UNUSED_FUNCTION = YES;
				GCC_WARN_UNUSED_VARIABLE = YES;
				IPHONEOS_DEPLOYMENT_TARGET = 16.1;
				MTL_ENABLE_DEBUG_INFO = INCLUDE_SOURCE;
				MTL_FAST_MATH = YES;
				ONLY_ACTIVE_ARCH = YES;
				SDKROOT = iphoneos;
				SWIFT_ACTIVE_COMPILATION_CONDITIONS = DEBUG;
				SWIFT_OPTIMIZATION_LEVEL = "-Onone";
			};
			name = Debug;
		};
		9A230ADA293DD45E008CE7FD /* Release */ = {
			isa = XCBuildConfiguration;
			buildSettings = {
				ALWAYS_SEARCH_USER_PATHS = NO;
				CLANG_ANALYZER_NONNULL = YES;
				CLANG_ANALYZER_NUMBER_OBJECT_CONVERSION = YES_AGGRESSIVE;
				CLANG_CXX_LANGUAGE_STANDARD = "gnu++20";
				CLANG_ENABLE_MODULES = YES;
				CLANG_ENABLE_OBJC_ARC = YES;
				CLANG_ENABLE_OBJC_WEAK = YES;
				CLANG_WARN_BLOCK_CAPTURE_AUTORELEASING = YES;
				CLANG_WARN_BOOL_CONVERSION = YES;
				CLANG_WARN_COMMA = YES;
				CLANG_WARN_CONSTANT_CONVERSION = YES;
				CLANG_WARN_DEPRECATED_OBJC_IMPLEMENTATIONS = YES;
				CLANG_WARN_DIRECT_OBJC_ISA_USAGE = YES_ERROR;
				CLANG_WARN_DOCUMENTATION_COMMENTS = YES;
				CLANG_WARN_EMPTY_BODY = YES;
				CLANG_WARN_ENUM_CONVERSION = YES;
				CLANG_WARN_INFINITE_RECURSION = YES;
				CLANG_WARN_INT_CONVERSION = YES;
				CLANG_WARN_NON_LITERAL_NULL_CONVERSION = YES;
				CLANG_WARN_OBJC_IMPLICIT_RETAIN_SELF = YES;
				CLANG_WARN_OBJC_LITERAL_CONVERSION = YES;
				CLANG_WARN_OBJC_ROOT_CLASS = YES_ERROR;
				CLANG_WARN_QUOTED_INCLUDE_IN_FRAMEWORK_HEADER = YES;
				CLANG_WARN_RANGE_LOOP_ANALYSIS = YES;
				CLANG_WARN_STRICT_PROTOTYPES = YES;
				CLANG_WARN_SUSPICIOUS_MOVE = YES;
				CLANG_WARN_UNGUARDED_AVAILABILITY = YES_AGGRESSIVE;
				CLANG_WARN_UNREACHABLE_CODE = YES;
				CLANG_WARN__DUPLICATE_METHOD_MATCH = YES;
				COPY_PHASE_STRIP = NO;
				DEBUG_INFORMATION_FORMAT = "dwarf-with-dsym";
				ENABLE_NS_ASSERTIONS = NO;
				ENABLE_STRICT_OBJC_MSGSEND = YES;
				GCC_C_LANGUAGE_STANDARD = gnu11;
				GCC_NO_COMMON_BLOCKS = YES;
				GCC_WARN_64_TO_32_BIT_CONVERSION = YES;
				GCC_WARN_ABOUT_RETURN_TYPE = YES_ERROR;
				GCC_WARN_UNDECLARED_SELECTOR = YES;
				GCC_WARN_UNINITIALIZED_AUTOS = YES_AGGRESSIVE;
				GCC_WARN_UNUSED_FUNCTION = YES;
				GCC_WARN_UNUSED_VARIABLE = YES;
				IPHONEOS_DEPLOYMENT_TARGET = 16.1;
				MTL_ENABLE_DEBUG_INFO = NO;
				MTL_FAST_MATH = YES;
				SDKROOT = iphoneos;
				SWIFT_COMPILATION_MODE = wholemodule;
				SWIFT_OPTIMIZATION_LEVEL = "-O";
				VALIDATE_PRODUCT = YES;
			};
			name = Release;
		};
		9A230ADC293DD45E008CE7FD /* Debug */ = {
			isa = XCBuildConfiguration;
			buildSettings = {
				ASSETCATALOG_COMPILER_APPICON_NAME = AppIcon;
				ASSETCATALOG_COMPILER_GLOBAL_ACCENT_COLOR_NAME = AccentColor;
				CODE_SIGN_STYLE = Automatic;
				CURRENT_PROJECT_VERSION = 1;
				GENERATE_INFOPLIST_FILE = YES;
				INFOPLIST_FILE = "02-tableview-home/Info.plist";
				INFOPLIST_KEY_UIApplicationSupportsIndirectInputEvents = YES;
				INFOPLIST_KEY_UILaunchStoryboardName = LaunchScreen;
				INFOPLIST_KEY_UIMainStoryboardFile = Main;
				INFOPLIST_KEY_UISupportedInterfaceOrientations_iPad = "UIInterfaceOrientationPortrait UIInterfaceOrientationPortraitUpsideDown UIInterfaceOrientationLandscapeLeft UIInterfaceOrientationLandscapeRight";
				INFOPLIST_KEY_UISupportedInterfaceOrientations_iPhone = "UIInterfaceOrientationPortrait UIInterfaceOrientationLandscapeLeft UIInterfaceOrientationLandscapeRight";
				LD_RUNPATH_SEARCH_PATHS = (
					"$(inherited)",
					"@executable_path/Frameworks",
				);
				MARKETING_VERSION = 1.0;
				PRODUCT_BUNDLE_IDENTIFIER = "com.tencent.tom.-1-tableview";
				PRODUCT_NAME = "$(TARGET_NAME)";
				SUPPORTED_PLATFORMS = "iphoneos iphonesimulator";
				SUPPORTS_MACCATALYST = NO;
				SUPPORTS_MAC_DESIGNED_FOR_IPHONE_IPAD = YES;
				SWIFT_EMIT_LOC_STRINGS = YES;
				SWIFT_VERSION = 5.0;
				TARGETED_DEVICE_FAMILY = 1;
			};
			name = Debug;
		};
		9A230ADD293DD45E008CE7FD /* Release */ = {
			isa = XCBuildConfiguration;
			buildSettings = {
				ASSETCATALOG_COMPILER_APPICON_NAME = AppIcon;
				ASSETCATALOG_COMPILER_GLOBAL_ACCENT_COLOR_NAME = AccentColor;
				CODE_SIGN_STYLE = Automatic;
				CURRENT_PROJECT_VERSION = 1;
				GENERATE_INFOPLIST_FILE = YES;
				INFOPLIST_FILE = "02-tableview-home/Info.plist";
				INFOPLIST_KEY_UIApplicationSupportsIndirectInputEvents = YES;
				INFOPLIST_KEY_UILaunchStoryboardName = LaunchScreen;
				INFOPLIST_KEY_UIMainStoryboardFile = Main;
				INFOPLIST_KEY_UISupportedInterfaceOrientations_iPad = "UIInterfaceOrientationPortrait UIInterfaceOrientationPortraitUpsideDown UIInterfaceOrientationLandscapeLeft UIInterfaceOrientationLandscapeRight";
				INFOPLIST_KEY_UISupportedInterfaceOrientations_iPhone = "UIInterfaceOrientationPortrait UIInterfaceOrientationLandscapeLeft UIInterfaceOrientationLandscapeRight";
				LD_RUNPATH_SEARCH_PATHS = (
					"$(inherited)",
					"@executable_path/Frameworks",
				);
				MARKETING_VERSION = 1.0;
				PRODUCT_BUNDLE_IDENTIFIER = "com.tencent.tom.-1-tableview";
				PRODUCT_NAME = "$(TARGET_NAME)";
				SUPPORTED_PLATFORMS = "iphoneos iphonesimulator";
				SUPPORTS_MACCATALYST = NO;
				SUPPORTS_MAC_DESIGNED_FOR_IPHONE_IPAD = YES;
				SWIFT_EMIT_LOC_STRINGS = YES;
				SWIFT_VERSION = 5.0;
				TARGETED_DEVICE_FAMILY = 1;
			};
			name = Release;
		};
		9A230ADF293DD45E008CE7FD /* Debug */ = {
			isa = XCBuildConfiguration;
			buildSettings = {
				ALWAYS_EMBED_SWIFT_STANDARD_LIBRARIES = YES;
				BUNDLE_LOADER = "$(TEST_HOST)";
				CODE_SIGN_STYLE = Automatic;
				CURRENT_PROJECT_VERSION = 1;
				GENERATE_INFOPLIST_FILE = YES;
				IPHONEOS_DEPLOYMENT_TARGET = 16.1;
				MARKETING_VERSION = 1.0;
				PRODUCT_BUNDLE_IDENTIFIER = "com.tencent.tom.-1-tableviewTests";
				PRODUCT_NAME = "$(TARGET_NAME)";
				SWIFT_EMIT_LOC_STRINGS = NO;
				SWIFT_VERSION = 5.0;
				TARGETED_DEVICE_FAMILY = "1,2";
				TEST_HOST = "$(BUILT_PRODUCTS_DIR)/02-tableview-home.app/$(BUNDLE_EXECUTABLE_FOLDER_PATH)/02-tableview-home";
			};
			name = Debug;
		};
		9A230AE0293DD45E008CE7FD /* Release */ = {
			isa = XCBuildConfiguration;
			buildSettings = {
				ALWAYS_EMBED_SWIFT_STANDARD_LIBRARIES = YES;
				BUNDLE_LOADER = "$(TEST_HOST)";
				CODE_SIGN_STYLE = Automatic;
				CURRENT_PROJECT_VERSION = 1;
				GENERATE_INFOPLIST_FILE = YES;
				IPHONEOS_DEPLOYMENT_TARGET = 16.1;
				MARKETING_VERSION = 1.0;
				PRODUCT_BUNDLE_IDENTIFIER = "com.tencent.tom.-1-tableviewTests";
				PRODUCT_NAME = "$(TARGET_NAME)";
				SWIFT_EMIT_LOC_STRINGS = NO;
				SWIFT_VERSION = 5.0;
				TARGETED_DEVICE_FAMILY = "1,2";
				TEST_HOST = "$(BUILT_PRODUCTS_DIR)/02-tableview-home.app/$(BUNDLE_EXECUTABLE_FOLDER_PATH)/02-tableview-home";
			};
			name = Release;
		};
		9A230AE2293DD45E008CE7FD /* Debug */ = {
			isa = XCBuildConfiguration;
			buildSettings = {
				ALWAYS_EMBED_SWIFT_STANDARD_LIBRARIES = YES;
				CODE_SIGN_STYLE = Automatic;
				CURRENT_PROJECT_VERSION = 1;
				GENERATE_INFOPLIST_FILE = YES;
				MARKETING_VERSION = 1.0;
				PRODUCT_BUNDLE_IDENTIFIER = "com.tencent.tom.-1-tableviewUITests";
				PRODUCT_NAME = "$(TARGET_NAME)";
				SWIFT_EMIT_LOC_STRINGS = NO;
				SWIFT_VERSION = 5.0;
				TARGETED_DEVICE_FAMILY = "1,2";
				TEST_TARGET_NAME = "01-tableview";
			};
			name = Debug;
		};
		9A230AE3293DD45E008CE7FD /* Release */ = {
			isa = XCBuildConfiguration;
			buildSettings = {
				ALWAYS_EMBED_SWIFT_STANDARD_LIBRARIES = YES;
				CODE_SIGN_STYLE = Automatic;
				CURRENT_PROJECT_VERSION = 1;
				GENERATE_INFOPLIST_FILE = YES;
				MARKETING_VERSION = 1.0;
				PRODUCT_BUNDLE_IDENTIFIER = "com.tencent.tom.-1-tableviewUITests";
				PRODUCT_NAME = "$(TARGET_NAME)";
				SWIFT_EMIT_LOC_STRINGS = NO;
				SWIFT_VERSION = 5.0;
				TARGETED_DEVICE_FAMILY = "1,2";
				TEST_TARGET_NAME = "01-tableview";
			};
			name = Release;
		};
/* End XCBuildConfiguration section */

/* Begin XCConfigurationList section */
		9A230AAC293DD45D008CE7FD /* Build configuration list for PBXProject "02-tableview-home" */ = {
			isa = XCConfigurationList;
			buildConfigurations = (
				9A230AD9293DD45E008CE7FD /* Debug */,
				9A230ADA293DD45E008CE7FD /* Release */,
			);
			defaultConfigurationIsVisible = 0;
			defaultConfigurationName = Release;
		};
		9A230ADB293DD45E008CE7FD /* Build configuration list for PBXNativeTarget "02-tableview-home" */ = {
			isa = XCConfigurationList;
			buildConfigurations = (
				9A230ADC293DD45E008CE7FD /* Debug */,
				9A230ADD293DD45E008CE7FD /* Release */,
			);
			defaultConfigurationIsVisible = 0;
			defaultConfigurationName = Release;
		};
		9A230ADE293DD45E008CE7FD /* Build configuration list for PBXNativeTarget "02-tableview-homeTests" */ = {
			isa = XCConfigurationList;
			buildConfigurations = (
				9A230ADF293DD45E008CE7FD /* Debug */,
				9A230AE0293DD45E008CE7FD /* Release */,
			);
			defaultConfigurationIsVisible = 0;
			defaultConfigurationName = Release;
		};
		9A230AE1293DD45E008CE7FD /* Build configuration list for PBXNativeTarget "02-tableview-homeUITests" */ = {
			isa = XCConfigurationList;
			buildConfigurations = (
				9A230AE2293DD45E008CE7FD /* Debug */,
				9A230AE3293DD45E008CE7FD /* Release */,
			);
			defaultConfigurationIsVisible = 0;
			defaultConfigurationName = Release;
		};
/* End XCConfigurationList section */
	};
	rootObject = 9A230AA9293DD45D008CE7FD /* Project object */;
}
